
Microsoft Visual Studio Solution File, Format Version 12.00
# Visual Studio Version 17
VisualStudioVersion = 17.3.32929.385
MinimumVisualStudioVersion = 10.0.40219.1
Project("{FAE04EC0-301F-11D3-BF4B-00C04F79EFBC}") = "RestrictDownload", "RestrictDownload\RestrictDownload.csproj", "{22FFD072-34C2-4D18-84A0-5764FF89DD5F}"
EndProject
Project("{2150E333-8FDC-42A3-9474-1A3956D46DE8}") = "WebResource", "WebResource", "{FB072001-9376-4C08-B1A7-DDE8FE404B96}"
	ProjectSection(SolutionItems) = preProject
		CaseRibbion.js = CaseRibbion.js
	EndProjectSection
EndProject
Global
	GlobalSection(SolutionConfigurationPlatforms) = preSolution
		Debug|Any CPU = Debug|Any CPU
		Release|Any CPU = Release|Any CPU
	EndGlobalSection
	GlobalSection(ProjectConfigurationPlatforms) = postSolution
		{22FFD072-34C2-4D18-84A0-5764FF89DD5F}.Debug|Any CPU.ActiveCfg = Debug|Any CPU
		{22FFD072-34C2-4D18-84A0-5764FF89DD5F}.Debug|Any CPU.Build.0 = Debug|Any CPU
		{22FFD072-34C2-4D18-84A0-5764FF89DD5F}.Release|Any CPU.ActiveCfg = Release|Any CPU
		{22FFD072-34C2-4D18-84A0-5764FF89DD5F}.Release|Any CPU.Build.0 = Release|Any CPU
	EndGlobalSection
	GlobalSection(SolutionProperties) = preSolution
		HideSolutionNode = FALSE
	EndGlobalSection
	GlobalSection(ExtensibilityGlobals) = postSolution
		SolutionGuid = {3001A7C2-4F16-49AE-B4BD-16C0816ED63A}
	EndGlobalSection
EndGlobal
